
Microsoft Visual Studio Solution File, Format Version 11.00
# Visual Studio 2010
Project("{E24C65DC-7377-472B-9ABA-BC803B73C61A}") = "WebSiteACS", "https://localhost/WebSiteACSEx3_End", "{7CFEE965-2976-4AFE-975A-69C6964D28F8}"
	ProjectSection(WebsiteProperties) = preProject
		TargetFrameworkMoniker = ".NETFramework,Version%3Dv4.0"
		Debug.AspNetCompiler.VirtualPath = "/WebSiteACS"
		Debug.AspNetCompiler.PhysicalPath = "WebSiteACS\"
		Debug.AspNetCompiler.TargetPath = "PrecompiledWeb\WebSiteACS\"
		Debug.AspNetCompiler.Updateable = "true"
		Debug.AspNetCompiler.ForceOverwrite = "true"
		Debug.AspNetCompiler.FixedNames = "false"
		Debug.AspNetCompiler.Debug = "True"
		Release.AspNetCompiler.VirtualPath = "/WebSiteACS"
		Release.AspNetCompiler.PhysicalPath = "WebSiteACS\"
		Release.AspNetCompiler.TargetPath = "PrecompiledWeb\WebSiteACS\"
		Release.AspNetCompiler.Updateable = "true"
		Release.AspNetCompiler.ForceOverwrite = "true"
		Release.AspNetCompiler.FixedNames = "false"
		Release.AspNetCompiler.Debug = "False"
		SlnRelativePath = "WebSiteACS\"
		DefaultWebSiteLanguage = "Visual C#"
	EndProjectSection
EndProject
Global
	GlobalSection(SolutionConfigurationPlatforms) = preSolution
		Debug|Any CPU = Debug|Any CPU
	EndGlobalSection
	GlobalSection(ProjectConfigurationPlatforms) = postSolution
		{7CFEE965-2976-4AFE-975A-69C6964D28F8}.Debug|Any CPU.ActiveCfg = Debug|Any CPU
		{7CFEE965-2976-4AFE-975A-69C6964D28F8}.Debug|Any CPU.Build.0 = Debug|Any CPU
	EndGlobalSection
	GlobalSection(SolutionProperties) = preSolution
		HideSolutionNode = FALSE
	EndGlobalSection
EndGlobal
